{
  "name": "GDevelop",
  "lockfileVersion": 3,
  "requires": true,
  "packages": {
    "": {
      "dependencies": {
        "@theatre/core": "^0.7.0",
        "@theatre/studio": "^0.7.0"
      }
    },
    "node_modules/@theatre/core": {
      "version": "0.7.0",
      "resolved": "https://registry.npmjs.org/@theatre/core/-/core-0.7.0.tgz",
      "integrity": "sha512-CXRUxOaKQtb4biQa6+I6PW8wPsFj9NsZgr7VdosSB20WxlanQ8/ZR0xH/A3A3oCHdCXKaZxQlNcEOeByk4Yf/g==",
      "dependencies": {
        "@theatre/dataverse": "0.7.0"
      }
    },
    "node_modules/@theatre/dataverse": {
      "version": "0.7.0",
      "resolved": "https://registry.npmjs.org/@theatre/dataverse/-/dataverse-0.7.0.tgz",
      "integrity": "sha512-NbhTZYOqETp9g0II7R9GypErnZ47TmoT6yzyQ0vGfgVLD1a+dsPG+CLvvyzssbGG/gfDDoMzkXNwWJAwNkqFvQ==",
      "dependencies": {
        "lodash-es": "^4.17.21"
      }
    },
    "node_modules/@theatre/studio": {
      "version": "0.7.0",
      "resolved": "https://registry.npmjs.org/@theatre/studio/-/studio-0.7.0.tgz",
      "integrity": "sha512-aBkDUBmvajWaha5dd/6Fs7sHCDMQKqVlLX9SDGsMJkKoCEb9dzwD5F5FOZCWt+OhbbwIbP9dYR6S4n6abyDkBQ==",
      "dependencies": {
        "@theatre/dataverse": "0.7.0"
      },
      "peerDependencies": {
        "@theatre/core": "*"
      }
    },
    "node_modules/lodash-es": {
      "version": "4.17.21",
      "resolved": "https://registry.npmjs.org/lodash-es/-/lodash-es-4.17.21.tgz",
      "integrity": "sha512-mKnC+QJ9pWVzv+C4/U3rRsHapFfHvQFoFB92e52xeyGMcX6/OlIl78je1u8vePzYZSkkogMPJ2yjxxsb89cxyw=="
    }
  }
}
